
Microsoft Visual Studio Solution File, Format Version 12.00
# Visual Studio 15
VisualStudioVersion = 15.0.28307.438
MinimumVisualStudioVersion = 10.0.40219.1
Project("{888888A0-9F3D-457C-B088-3A5042F75D52}") = "Python Field Sorter", "Python Field Sorter\Python Field Sorter.pyproj", "{3653B96B-C6B3-4D4E-AF68-E6562F48CB9D}"
EndProject
Project("{2150E333-8FDC-42A3-9474-1A3956D46DE8}") = "Solution Items", "Solution Items", "{D71FFA67-FCFC-4F54-8B39-4C9AA42AD3BB}"
	ProjectSection(SolutionItems) = preProject
		info.txt = info.txt
	EndProjectSection
EndProject
Global
	GlobalSection(SolutionConfigurationPlatforms) = preSolution
		Debug|Any CPU = Debug|Any CPU
		Release|Any CPU = Release|Any CPU
	EndGlobalSection
	GlobalSection(ProjectConfigurationPlatforms) = postSolution
		{3653B96B-C6B3-4D4E-AF68-E6562F48CB9D}.Debug|Any CPU.ActiveCfg = Debug|Any CPU
		{3653B96B-C6B3-4D4E-AF68-E6562F48CB9D}.Release|Any CPU.ActiveCfg = Release|Any CPU
	EndGlobalSection
	GlobalSection(SolutionProperties) = preSolution
		HideSolutionNode = FALSE
	EndGlobalSection
	GlobalSection(ExtensibilityGlobals) = postSolution
		SolutionGuid = {5D0699F4-EB62-4936-8231-CEFF16527979}
	EndGlobalSection
EndGlobal
